
Microsoft Visual Studio Solution File, Format Version 12.00
# Visual Studio 14
VisualStudioVersion = 14.0.25420.1
MinimumVisualStudioVersion = 10.0.40219.1
Project("{FAE04EC0-301F-11D3-BF4B-00C04F79EFBC}") = "Promact.Oauth.Server", "Promact.Oauth.Server\Promact.Oauth.Server.csproj", "{6099A848-16F6-44B8-A7DC-5692B0A461C9}"
EndProject
Project("{FAE04EC0-301F-11D3-BF4B-00C04F79EFBC}") = "Promact.Oauth.Server.Tests", "Promact.Oauth.Server.Tests\Promact.Oauth.Server.Tests.csproj", "{FF5805DE-3A13-4E53-B445-8D955D707ACF}"
EndProject
Global
	GlobalSection(SolutionConfigurationPlatforms) = preSolution
		Debug|Any CPU = Debug|Any CPU
		Release|Any CPU = Release|Any CPU
	EndGlobalSection
	GlobalSection(ProjectConfigurationPlatforms) = postSolution
		{6099A848-16F6-44B8-A7DC-5692B0A461C9}.Debug|Any CPU.ActiveCfg = Debug|Any CPU
		{6099A848-16F6-44B8-A7DC-5692B0A461C9}.Debug|Any CPU.Build.0 = Debug|Any CPU
		{6099A848-16F6-44B8-A7DC-5692B0A461C9}.Release|Any CPU.ActiveCfg = Release|Any CPU
		{6099A848-16F6-44B8-A7DC-5692B0A461C9}.Release|Any CPU.Build.0 = Release|Any CPU
		{FF5805DE-3A13-4E53-B445-8D955D707ACF}.Debug|Any CPU.ActiveCfg = Debug|Any CPU
		{FF5805DE-3A13-4E53-B445-8D955D707ACF}.Debug|Any CPU.Build.0 = Debug|Any CPU
		{FF5805DE-3A13-4E53-B445-8D955D707ACF}.Release|Any CPU.ActiveCfg = Release|Any CPU
		{FF5805DE-3A13-4E53-B445-8D955D707ACF}.Release|Any CPU.Build.0 = Release|Any CPU
	EndGlobalSection
	GlobalSection(SolutionProperties) = preSolution
		HideSolutionNode = FALSE
	EndGlobalSection
EndGlobal
